{
  "name": "pwa-horario",
  "version": "1.0.0",
  "lockfileVersion": 3,
  "requires": true,
  "packages": {
    "": {
      "name": "pwa-horario",
      "version": "1.0.0",
      "license": "ISC",
      "dependencies": {
        "host": "^0.0.1"
      }
    },
    "node_modules/host": {
      "version": "0.0.1",
      "resolved": "https://registry.npmjs.org/host/-/host-0.0.1.tgz",
      "integrity": "sha512-7XyNhoIkpS49Yjx5MKbiTfA5BywUz+Zp4Spq9/UDLdcj96Vs76sV+NKop7Dn/9eoRf8YVXOA7l3ndw4peUJ63Q==",
      "bin": {
        "host": "bin/host"
      }
    }
  }
}
